// !$*UTF8*$!
{
	archiveVersion = 1;
	classes = {
	};
	objectVersion = 46;
	objects = {

/* Begin PBXBuildFile section */
		C86430D61DEC385B00621FE6 /* AppDelegate.swift in Sources */ = {isa = PBXBuildFile; fileRef = C86430D51DEC385B00621FE6 /* AppDelegate.swift */; };
		C86430DD1DEC385B00621FE6 /* Assets.xcassets in Resources */ = {isa = PBXBuildFile; fileRef = C86430DC1DEC385B00621FE6 /* Assets.xcassets */; };
		C8BE019C1DEC582500C99711 /* XBBMainViewController.swift in Sources */ = {isa = PBXBuildFile; fileRef = C8BE019B1DEC582500C99711 /* XBBMainViewController.swift */; };
		C8BE019E1DEC586000C99711 /* XBBNavigationController.swift in Sources */ = {isa = PBXBuildFile; fileRef = C8BE019D1DEC586000C99711 /* XBBNavigationController.swift */; };
		C8BE01A01DEC588200C99711 /* XBBBaseViewController.swift in Sources */ = {isa = PBXBuildFile; fileRef = C8BE019F1DEC588200C99711 /* XBBBaseViewController.swift */; };
		C8BE01A21DEC58B400C99711 /* XBBHomeViewController.swift in Sources */ = {isa = PBXBuildFile; fileRef = C8BE01A11DEC58B400C99711 /* XBBHomeViewController.swift */; };
		C8BE01A41DEC58C700C99711 /* XBBMessageViewController.swift in Sources */ = {isa = PBXBuildFile; fileRef = C8BE01A31DEC58C700C99711 /* XBBMessageViewController.swift */; };
		C8BE01A61DEC58D500C99711 /* XBBDiscoverViewController.swift in Sources */ = {isa = PBXBuildFile; fileRef = C8BE01A51DEC58D500C99711 /* XBBDiscoverViewController.swift */; };
		C8BE01A81DEC58E000C99711 /* XBBProfileViewController.swift in Sources */ = {isa = PBXBuildFile; fileRef = C8BE01A71DEC58E000C99711 /* XBBProfileViewController.swift */; };
		C8BE01C31DEC5C9200C99711 /* NSArray+Log.m in Sources */ = {isa = PBXBuildFile; fileRef = C8BE01AC1DEC5C9200C99711 /* NSArray+Log.m */; };
		C8BE01C41DEC5C9200C99711 /* NSAttributedString+CZAdditon.m in Sources */ = {isa = PBXBuildFile; fileRef = C8BE01AE1DEC5C9200C99711 /* NSAttributedString+CZAdditon.m */; };
		C8BE01C51DEC5C9200C99711 /* NSObject+CZRuntime.m in Sources */ = {isa = PBXBuildFile; fileRef = C8BE01B01DEC5C9200C99711 /* NSObject+CZRuntime.m */; };
		C8BE01C61DEC5C9200C99711 /* NSString+CZBase64.m in Sources */ = {isa = PBXBuildFile; fileRef = C8BE01B21DEC5C9200C99711 /* NSString+CZBase64.m */; };
		C8BE01C71DEC5C9200C99711 /* NSString+CZHash.m in Sources */ = {isa = PBXBuildFile; fileRef = C8BE01B41DEC5C9200C99711 /* NSString+CZHash.m */; };
		C8BE01C81DEC5C9200C99711 /* NSString+CZPath.m in Sources */ = {isa = PBXBuildFile; fileRef = C8BE01B61DEC5C9200C99711 /* NSString+CZPath.m */; };
		C8BE01C91DEC5C9200C99711 /* UIButton+CZAddition.m in Sources */ = {isa = PBXBuildFile; fileRef = C8BE01B81DEC5C9200C99711 /* UIButton+CZAddition.m */; };
		C8BE01CA1DEC5C9200C99711 /* UIColor+CZAddition.m in Sources */ = {isa = PBXBuildFile; fileRef = C8BE01BA1DEC5C9200C99711 /* UIColor+CZAddition.m */; };
		C8BE01CB1DEC5C9300C99711 /* UILabel+CZAddition.m in Sources */ = {isa = PBXBuildFile; fileRef = C8BE01BC1DEC5C9200C99711 /* UILabel+CZAddition.m */; };
		C8BE01CC1DEC5C9300C99711 /* UIScreen+CZAddition.m in Sources */ = {isa = PBXBuildFile; fileRef = C8BE01BE1DEC5C9200C99711 /* UIScreen+CZAddition.m */; };
		C8BE01CD1DEC5C9300C99711 /* UIView+CZAddition.m in Sources */ = {isa = PBXBuildFile; fileRef = C8BE01C01DEC5C9200C99711 /* UIView+CZAddition.m */; };
		C8BE01CE1DEC5C9300C99711 /* UIViewController+CZAddition.m in Sources */ = {isa = PBXBuildFile; fileRef = C8BE01C21DEC5C9200C99711 /* UIViewController+CZAddition.m */; };
		C8D65FCC1DED093B00B50E77 /* Bundle+Extensions.swift in Sources */ = {isa = PBXBuildFile; fileRef = C8D65FCB1DED093B00B50E77 /* Bundle+Extensions.swift */; };
		C8D65FCF1DED5D6B00B50E77 /* XBBDemoViewController.swift in Sources */ = {isa = PBXBuildFile; fileRef = C8D65FCE1DED5D6B00B50E77 /* XBBDemoViewController.swift */; };
		C8D65FD11DED707800B50E77 /* UIBarButtonItem+ExtensionS.swift in Sources */ = {isa = PBXBuildFile; fileRef = C8D65FD01DED707800B50E77 /* UIBarButtonItem+ExtensionS.swift */; };
/* End PBXBuildFile section */

/* Begin PBXFileReference section */
		C86430D21DEC385B00621FE6 /* Weibo.app */ = {isa = PBXFileReference; explicitFileType = wrapper.application; includeInIndex = 0; path = Weibo.app; sourceTree = BUILT_PRODUCTS_DIR; };
		C86430D51DEC385B00621FE6 /* AppDelegate.swift */ = {isa = PBXFileReference; lastKnownFileType = sourcecode.swift; path = AppDelegate.swift; sourceTree = "<group>"; };
		C86430DC1DEC385B00621FE6 /* Assets.xcassets */ = {isa = PBXFileReference; lastKnownFileType = folder.assetcatalog; path = Assets.xcassets; sourceTree = "<group>"; };
		C86430E11DEC385B00621FE6 /* Info.plist */ = {isa = PBXFileReference; lastKnownFileType = text.plist.xml; path = Info.plist; sourceTree = "<group>"; };
		C8BE019B1DEC582500C99711 /* XBBMainViewController.swift */ = {isa = PBXFileReference; fileEncoding = 4; lastKnownFileType = sourcecode.swift; path = XBBMainViewController.swift; sourceTree = "<group>"; };
		C8BE019D1DEC586000C99711 /* XBBNavigationController.swift */ = {isa = PBXFileReference; fileEncoding = 4; lastKnownFileType = sourcecode.swift; path = XBBNavigationController.swift; sourceTree = "<group>"; };
		C8BE019F1DEC588200C99711 /* XBBBaseViewController.swift */ = {isa = PBXFileReference; fileEncoding = 4; lastKnownFileType = sourcecode.swift; path = XBBBaseViewController.swift; sourceTree = "<group>"; };
		C8BE01A11DEC58B400C99711 /* XBBHomeViewController.swift */ = {isa = PBXFileReference; fileEncoding = 4; lastKnownFileType = sourcecode.swift; path = XBBHomeViewController.swift; sourceTree = "<group>"; };
		C8BE01A31DEC58C700C99711 /* XBBMessageViewController.swift */ = {isa = PBXFileReference; fileEncoding = 4; lastKnownFileType = sourcecode.swift; path = XBBMessageViewController.swift; sourceTree = "<group>"; };
		C8BE01A51DEC58D500C99711 /* XBBDiscoverViewController.swift */ = {isa = PBXFileReference; fileEncoding = 4; lastKnownFileType = sourcecode.swift; path = XBBDiscoverViewController.swift; sourceTree = "<group>"; };
		C8BE01A71DEC58E000C99711 /* XBBProfileViewController.swift */ = {isa = PBXFileReference; fileEncoding = 4; lastKnownFileType = sourcecode.swift; path = XBBProfileViewController.swift; sourceTree = "<group>"; };
		C8BE01AA1DEC5C9200C99711 /* CZAdditions.h */ = {isa = PBXFileReference; fileEncoding = 4; lastKnownFileType = sourcecode.c.h; path = CZAdditions.h; sourceTree = "<group>"; };
		C8BE01AB1DEC5C9200C99711 /* NSArray+Log.h */ = {isa = PBXFileReference; fileEncoding = 4; lastKnownFileType = sourcecode.c.h; path = "NSArray+Log.h"; sourceTree = "<group>"; };
		C8BE01AC1DEC5C9200C99711 /* NSArray+Log.m */ = {isa = PBXFileReference; fileEncoding = 4; lastKnownFileType = sourcecode.c.objc; path = "NSArray+Log.m"; sourceTree = "<group>"; };
		C8BE01AD1DEC5C9200C99711 /* NSAttributedString+CZAdditon.h */ = {isa = PBXFileReference; fileEncoding = 4; lastKnownFileType = sourcecode.c.h; path = "NSAttributedString+CZAdditon.h"; sourceTree = "<group>"; };
		C8BE01AE1DEC5C9200C99711 /* NSAttributedString+CZAdditon.m */ = {isa = PBXFileReference; fileEncoding = 4; lastKnownFileType = sourcecode.c.objc; path = "NSAttributedString+CZAdditon.m"; sourceTree = "<group>"; };
		C8BE01AF1DEC5C9200C99711 /* NSObject+CZRuntime.h */ = {isa = PBXFileReference; fileEncoding = 4; lastKnownFileType = sourcecode.c.h; path = "NSObject+CZRuntime.h"; sourceTree = "<group>"; };
		C8BE01B01DEC5C9200C99711 /* NSObject+CZRuntime.m */ = {isa = PBXFileReference; fileEncoding = 4; lastKnownFileType = sourcecode.c.objc; path = "NSObject+CZRuntime.m"; sourceTree = "<group>"; };
		C8BE01B11DEC5C9200C99711 /* NSString+CZBase64.h */ = {isa = PBXFileReference; fileEncoding = 4; lastKnownFileType = sourcecode.c.h; path = "NSString+CZBase64.h"; sourceTree = "<group>"; };
		C8BE01B21DEC5C9200C99711 /* NSString+CZBase64.m */ = {isa = PBXFileReference; fileEncoding = 4; lastKnownFileType = sourcecode.c.objc; path = "NSString+CZBase64.m"; sourceTree = "<group>"; };
		C8BE01B31DEC5C9200C99711 /* NSString+CZHash.h */ = {isa = PBXFileReference; fileEncoding = 4; lastKnownFileType = sourcecode.c.h; path = "NSString+CZHash.h"; sourceTree = "<group>"; };
		C8BE01B41DEC5C9200C99711 /* NSString+CZHash.m */ = {isa = PBXFileReference; fileEncoding = 4; lastKnownFileType = sourcecode.c.objc; path = "NSString+CZHash.m"; sourceTree = "<group>"; };
		C8BE01B51DEC5C9200C99711 /* NSString+CZPath.h */ = {isa = PBXFileReference; fileEncoding = 4; lastKnownFileType = sourcecode.c.h; path = "NSString+CZPath.h"; sourceTree = "<group>"; };
		C8BE01B61DEC5C9200C99711 /* NSString+CZPath.m */ = {isa = PBXFileReference; fileEncoding = 4; lastKnownFileType = sourcecode.c.objc; path = "NSString+CZPath.m"; sourceTree = "<group>"; };
		C8BE01B71DEC5C9200C99711 /* UIButton+CZAddition.h */ = {isa = PBXFileReference; fileEncoding = 4; lastKnownFileType = sourcecode.c.h; path = "UIButton+CZAddition.h"; sourceTree = "<group>"; };
		C8BE01B81DEC5C9200C99711 /* UIButton+CZAddition.m */ = {isa = PBXFileReference; fileEncoding = 4; lastKnownFileType = sourcecode.c.objc; path = "UIButton+CZAddition.m"; sourceTree = "<group>"; };
		C8BE01B91DEC5C9200C99711 /* UIColor+CZAddition.h */ = {isa = PBXFileReference; fileEncoding = 4; lastKnownFileType = sourcecode.c.h; path = "UIColor+CZAddition.h"; sourceTree = "<group>"; };
		C8BE01BA1DEC5C9200C99711 /* UIColor+CZAddition.m */ = {isa = PBXFileReference; fileEncoding = 4; lastKnownFileType = sourcecode.c.objc; path = "UIColor+CZAddition.m"; sourceTree = "<group>"; };
		C8BE01BB1DEC5C9200C99711 /* UILabel+CZAddition.h */ = {isa = PBXFileReference; fileEncoding = 4; lastKnownFileType = sourcecode.c.h; path = "UILabel+CZAddition.h"; sourceTree = "<group>"; };
		C8BE01BC1DEC5C9200C99711 /* UILabel+CZAddition.m */ = {isa = PBXFileReference; fileEncoding = 4; lastKnownFileType = sourcecode.c.objc; path = "UILabel+CZAddition.m"; sourceTree = "<group>"; };
		C8BE01BD1DEC5C9200C99711 /* UIScreen+CZAddition.h */ = {isa = PBXFileReference; fileEncoding = 4; lastKnownFileType = sourcecode.c.h; path = "UIScreen+CZAddition.h"; sourceTree = "<group>"; };
		C8BE01BE1DEC5C9200C99711 /* UIScreen+CZAddition.m */ = {isa = PBXFileReference; fileEncoding = 4; lastKnownFileType = sourcecode.c.objc; path = "UIScreen+CZAddition.m"; sourceTree = "<group>"; };
		C8BE01BF1DEC5C9200C99711 /* UIView+CZAddition.h */ = {isa = PBXFileReference; fileEncoding = 4; lastKnownFileType = sourcecode.c.h; path = "UIView+CZAddition.h"; sourceTree = "<group>"; };
		C8BE01C01DEC5C9200C99711 /* UIView+CZAddition.m */ = {isa = PBXFileReference; fileEncoding = 4; lastKnownFileType = sourcecode.c.objc; path = "UIView+CZAddition.m"; sourceTree = "<group>"; };
		C8BE01C11DEC5C9200C99711 /* UIViewController+CZAddition.h */ = {isa = PBXFileReference; fileEncoding = 4; lastKnownFileType = sourcecode.c.h; path = "UIViewController+CZAddition.h"; sourceTree = "<group>"; };
		C8BE01C21DEC5C9200C99711 /* UIViewController+CZAddition.m */ = {isa = PBXFileReference; fileEncoding = 4; lastKnownFileType = sourcecode.c.objc; path = "UIViewController+CZAddition.m"; sourceTree = "<group>"; };
		C8D65FC91DED091000B50E77 /* Weibo-Bridge.h */ = {isa = PBXFileReference; lastKnownFileType = sourcecode.c.h; path = "Weibo-Bridge.h"; sourceTree = "<group>"; };
		C8D65FCB1DED093B00B50E77 /* Bundle+Extensions.swift */ = {isa = PBXFileReference; fileEncoding = 4; lastKnownFileType = sourcecode.swift; path = "Bundle+Extensions.swift"; sourceTree = "<group>"; };
		C8D65FCE1DED5D6B00B50E77 /* XBBDemoViewController.swift */ = {isa = PBXFileReference; fileEncoding = 4; lastKnownFileType = sourcecode.swift; path = XBBDemoViewController.swift; sourceTree = "<group>"; };
		C8D65FD01DED707800B50E77 /* UIBarButtonItem+ExtensionS.swift */ = {isa = PBXFileReference; fileEncoding = 4; lastKnownFileType = sourcecode.swift; path = "UIBarButtonItem+ExtensionS.swift"; sourceTree = "<group>"; };
/* End PBXFileReference section */

/* Begin PBXFrameworksBuildPhase section */
		C86430CF1DEC385B00621FE6 /* Frameworks */ = {
			isa = PBXFrameworksBuildPhase;
			buildActionMask = 2147483647;
			files = (
			);
			runOnlyForDeploymentPostprocessing = 0;
		};
/* End PBXFrameworksBuildPhase section */

/* Begin PBXGroup section */
		C86430C91DEC385B00621FE6 = {
			isa = PBXGroup;
			children = (
				C86430D41DEC385B00621FE6 /* Weibo */,
				C86430D31DEC385B00621FE6 /* Products */,
			);
			sourceTree = "<group>";
		};
		C86430D31DEC385B00621FE6 /* Products */ = {
			isa = PBXGroup;
			children = (
				C86430D21DEC385B00621FE6 /* Weibo.app */,
			);
			name = Products;
			sourceTree = "<group>";
		};
		C86430D41DEC385B00621FE6 /* Weibo */ = {
			isa = PBXGroup;
			children = (
				C86430D51DEC385B00621FE6 /* AppDelegate.swift */,
				C8BE01901DEC562E00C99711 /* Classes */,
				C86430DC1DEC385B00621FE6 /* Assets.xcassets */,
				C8D65FC91DED091000B50E77 /* Weibo-Bridge.h */,
				C86430E11DEC385B00621FE6 /* Info.plist */,
			);
			path = Weibo;
			sourceTree = "<group>";
		};
		C8BE01901DEC562E00C99711 /* Classes */ = {
			isa = PBXGroup;
			children = (
				C8BE01931DEC562E00C99711 /* View */,
				C8BE01941DEC562E00C99711 /* ViewModel */,
				C8BE01911DEC562E00C99711 /* Model */,
				C8BE01921DEC562E00C99711 /* Tools */,
			);
			path = Classes;
			sourceTree = "<group>";
		};
		C8BE01911DEC562E00C99711 /* Model */ = {
			isa = PBXGroup;
			children = (
			);
			path = Model;
			sourceTree = "<group>";
		};
		C8BE01921DEC562E00C99711 /* Tools */ = {
			isa = PBXGroup;
			children = (
				C8D65FCA1DED093B00B50E77 /* Extension */,
				C8BE01A91DEC5C9200C99711 /* Additions */,
			);
			path = Tools;
			sourceTree = "<group>";
		};
		C8BE01931DEC562E00C99711 /* View */ = {
			isa = PBXGroup;
			children = (
				C8BE01981DEC57B100C99711 /* Main */,
				C8BE01971DEC57B100C99711 /* Home */,
				C8BE01991DEC57B100C99711 /* Message */,
				C8BE01961DEC57B100C99711 /* Discover */,
				C8BE019A1DEC57B100C99711 /* Profile */,
			);
			path = View;
			sourceTree = "<group>";
		};
		C8BE01941DEC562E00C99711 /* ViewModel */ = {
			isa = PBXGroup;
			children = (
				C8BE01951DEC562E00C99711 /* 未命名文件夹 */,
			);
			path = ViewModel;
			sourceTree = "<group>";
		};
		C8BE01951DEC562E00C99711 /* 未命名文件夹 */ = {
			isa = PBXGroup;
			children = (
			);
			path = "未命名文件夹";
			sourceTree = "<group>";
		};
		C8BE01961DEC57B100C99711 /* Discover */ = {
			isa = PBXGroup;
			children = (
				C8BE01A51DEC58D500C99711 /* XBBDiscoverViewController.swift */,
			);
			path = Discover;
			sourceTree = "<group>";
		};
		C8BE01971DEC57B100C99711 /* Home */ = {
			isa = PBXGroup;
			children = (
				C8BE01A11DEC58B400C99711 /* XBBHomeViewController.swift */,
			);
			path = Home;
			sourceTree = "<group>";
		};
		C8BE01981DEC57B100C99711 /* Main */ = {
			isa = PBXGroup;
			children = (
				C8D65FCD1DED5D4E00B50E77 /* 测试 */,
				C8BE019B1DEC582500C99711 /* XBBMainViewController.swift */,
				C8BE019D1DEC586000C99711 /* XBBNavigationController.swift */,
				C8BE019F1DEC588200C99711 /* XBBBaseViewController.swift */,
			);
			path = Main;
			sourceTree = "<group>";
		};
		C8BE01991DEC57B100C99711 /* Message */ = {
			isa = PBXGroup;
			children = (
				C8BE01A31DEC58C700C99711 /* XBBMessageViewController.swift */,
			);
			path = Message;
			sourceTree = "<group>";
		};
		C8BE019A1DEC57B100C99711 /* Profile */ = {
			isa = PBXGroup;
			children = (
				C8BE01A71DEC58E000C99711 /* XBBProfileViewController.swift */,
			);
			path = Profile;
			sourceTree = "<group>";
		};
		C8BE01A91DEC5C9200C99711 /* Additions */ = {
			isa = PBXGroup;
			children = (
				C8BE01AA1DEC5C9200C99711 /* CZAdditions.h */,
				C8BE01AB1DEC5C9200C99711 /* NSArray+Log.h */,
				C8BE01AC1DEC5C9200C99711 /* NSArray+Log.m */,
				C8BE01AD1DEC5C9200C99711 /* NSAttributedString+CZAdditon.h */,
				C8BE01AE1DEC5C9200C99711 /* NSAttributedString+CZAdditon.m */,
				C8BE01AF1DEC5C9200C99711 /* NSObject+CZRuntime.h */,
				C8BE01B01DEC5C9200C99711 /* NSObject+CZRuntime.m */,
				C8BE01B11DEC5C9200C99711 /* NSString+CZBase64.h */,
				C8BE01B21DEC5C9200C99711 /* NSString+CZBase64.m */,
				C8BE01B31DEC5C9200C99711 /* NSString+CZHash.h */,
				C8BE01B41DEC5C9200C99711 /* NSString+CZHash.m */,
				C8BE01B51DEC5C9200C99711 /* NSString+CZPath.h */,
				C8BE01B61DEC5C9200C99711 /* NSString+CZPath.m */,
				C8BE01B71DEC5C9200C99711 /* UIButton+CZAddition.h */,
				C8BE01B81DEC5C9200C99711 /* UIButton+CZAddition.m */,
				C8BE01B91DEC5C9200C99711 /* UIColor+CZAddition.h */,
				C8BE01BA1DEC5C9200C99711 /* UIColor+CZAddition.m */,
				C8BE01BB1DEC5C9200C99711 /* UILabel+CZAddition.h */,
				C8BE01BC1DEC5C9200C99711 /* UILabel+CZAddition.m */,
				C8BE01BD1DEC5C9200C99711 /* UIScreen+CZAddition.h */,
				C8BE01BE1DEC5C9200C99711 /* UIScreen+CZAddition.m */,
				C8BE01BF1DEC5C9200C99711 /* UIView+CZAddition.h */,
				C8BE01C01DEC5C9200C99711 /* UIView+CZAddition.m */,
				C8BE01C11DEC5C9200C99711 /* UIViewController+CZAddition.h */,
				C8BE01C21DEC5C9200C99711 /* UIViewController+CZAddition.m */,
			);
			path = Additions;
			sourceTree = "<group>";
		};
		C8D65FCA1DED093B00B50E77 /* Extension */ = {
			isa = PBXGroup;
			children = (
				C8D65FCB1DED093B00B50E77 /* Bundle+Extensions.swift */,
				C8D65FD01DED707800B50E77 /* UIBarButtonItem+ExtensionS.swift */,
			);
			path = Extension;
			sourceTree = "<group>";
		};
		C8D65FCD1DED5D4E00B50E77 /* 测试 */ = {
			isa = PBXGroup;
			children = (
				C8D65FCE1DED5D6B00B50E77 /* XBBDemoViewController.swift */,
			);
			path = "测试";
			sourceTree = "<group>";
		};
/* End PBXGroup section */

/* Begin PBXNativeTarget section */
		C86430D11DEC385B00621FE6 /* Weibo */ = {
			isa = PBXNativeTarget;
			buildConfigurationList = C86430E41DEC385B00621FE6 /* Build configuration list for PBXNativeTarget "Weibo" */;
			buildPhases = (
				C86430CE1DEC385B00621FE6 /* Sources */,
				C86430CF1DEC385B00621FE6 /* Frameworks */,
				C86430D01DEC385B00621FE6 /* Resources */,
			);
			buildRules = (
			);
			dependencies = (
			);
			name = Weibo;
			productName = Weibo;
			productReference = C86430D21DEC385B00621FE6 /* Weibo.app */;
			productType = "com.apple.product-type.application";
		};
/* End PBXNativeTarget section */

/* Begin PBXProject section */
		C86430CA1DEC385B00621FE6 /* Project object */ = {
			isa = PBXProject;
			attributes = {
				CLASSPREFIX = XBB;
				LastSwiftUpdateCheck = 0810;
				LastUpgradeCheck = 0810;
				ORGANIZATIONNAME = xiong;
				TargetAttributes = {
					C86430D11DEC385B00621FE6 = {
						CreatedOnToolsVersion = 8.1;
						DevelopmentTeam = C7295GZV7F;
						ProvisioningStyle = Automatic;
					};
				};
			};
			buildConfigurationList = C86430CD1DEC385B00621FE6 /* Build configuration list for PBXProject "Weibo" */;
			compatibilityVersion = "Xcode 3.2";
			developmentRegion = English;
			hasScannedForEncodings = 0;
			knownRegions = (
				en,
				Base,
			);
			mainGroup = C86430C91DEC385B00621FE6;
			productRefGroup = C86430D31DEC385B00621FE6 /* Products */;
			projectDirPath = "";
			projectRoot = "";
			targets = (
				C86430D11DEC385B00621FE6 /* Weibo */,
			);
		};
/* End PBXProject section */

/* Begin PBXResourcesBuildPhase section */
		C86430D01DEC385B00621FE6 /* Resources */ = {
			isa = PBXResourcesBuildPhase;
			buildActionMask = 2147483647;
			files = (
				C86430DD1DEC385B00621FE6 /* Assets.xcassets in Resources */,
			);
			runOnlyForDeploymentPostprocessing = 0;
		};
/* End PBXResourcesBuildPhase section */

/* Begin PBXSourcesBuildPhase section */
		C86430CE1DEC385B00621FE6 /* Sources */ = {
			isa = PBXSourcesBuildPhase;
			buildActionMask = 2147483647;
			files = (
				C8BE01CA1DEC5C9200C99711 /* UIColor+CZAddition.m in Sources */,
				C8BE01C31DEC5C9200C99711 /* NSArray+Log.m in Sources */,
				C8BE01A01DEC588200C99711 /* XBBBaseViewController.swift in Sources */,
				C8BE01CB1DEC5C9300C99711 /* UILabel+CZAddition.m in Sources */,
				C8BE01C41DEC5C9200C99711 /* NSAttributedString+CZAdditon.m in Sources */,
				C8BE01CE1DEC5C9300C99711 /* UIViewController+CZAddition.m in Sources */,
				C8D65FCC1DED093B00B50E77 /* Bundle+Extensions.swift in Sources */,
				C8BE01C61DEC5C9200C99711 /* NSString+CZBase64.m in Sources */,
				C8BE019C1DEC582500C99711 /* XBBMainViewController.swift in Sources */,
				C8BE01A21DEC58B400C99711 /* XBBHomeViewController.swift in Sources */,
				C86430D61DEC385B00621FE6 /* AppDelegate.swift in Sources */,
				C8BE01C91DEC5C9200C99711 /* UIButton+CZAddition.m in Sources */,
				C8D65FCF1DED5D6B00B50E77 /* XBBDemoViewController.swift in Sources */,
				C8BE01CC1DEC5C9300C99711 /* UIScreen+CZAddition.m in Sources */,
				C8BE01A61DEC58D500C99711 /* XBBDiscoverViewController.swift in Sources */,
				C8BE01C51DEC5C9200C99711 /* NSObject+CZRuntime.m in Sources */,
				C8BE01A81DEC58E000C99711 /* XBBProfileViewController.swift in Sources */,
				C8D65FD11DED707800B50E77 /* UIBarButtonItem+ExtensionS.swift in Sources */,
				C8BE019E1DEC586000C99711 /* XBBNavigationController.swift in Sources */,
				C8BE01C81DEC5C9200C99711 /* NSString+CZPath.m in Sources */,
				C8BE01CD1DEC5C9300C99711 /* UIView+CZAddition.m in Sources */,
				C8BE01C71DEC5C9200C99711 /* NSString+CZHash.m in Sources */,
				C8BE01A41DEC58C700C99711 /* XBBMessageViewController.swift in Sources */,
			);
			runOnlyForDeploymentPostprocessing = 0;
		};
/* End PBXSourcesBuildPhase section */

/* Begin XCBuildConfiguration section */
		C86430E21DEC385B00621FE6 /* Debug */ = {
			isa = XCBuildConfiguration;
			buildSettings = {
				ALWAYS_SEARCH_USER_PATHS = NO;
				CLANG_ANALYZER_NONNULL = YES;
				CLANG_CXX_LANGUAGE_STANDARD = "gnu++0x";
				CLANG_CXX_LIBRARY = "libc++";
				CLANG_ENABLE_MODULES = YES;
				CLANG_ENABLE_OBJC_ARC = YES;
				CLANG_WARN_BOOL_CONVERSION = YES;
				CLANG_WARN_CONSTANT_CONVERSION = YES;
				CLANG_WARN_DIRECT_OBJC_ISA_USAGE = YES_ERROR;
				CLANG_WARN_DOCUMENTATION_COMMENTS = YES;
				CLANG_WARN_EMPTY_BODY = YES;
				CLANG_WARN_ENUM_CONVERSION = YES;
				CLANG_WARN_INFINITE_RECURSION = YES;
				CLANG_WARN_INT_CONVERSION = YES;
				CLANG_WARN_OBJC_ROOT_CLASS = YES_ERROR;
				CLANG_WARN_SUSPICIOUS_MOVES = YES;
				CLANG_WARN_UNREACHABLE_CODE = YES;
				CLANG_WARN__DUPLICATE_METHOD_MATCH = YES;
				"CODE_SIGN_IDENTITY[sdk=iphoneos*]" = "iPhone Developer";
				COPY_PHASE_STRIP = NO;
				DEBUG_INFORMATION_FORMAT = dwarf;
				ENABLE_STRICT_OBJC_MSGSEND = YES;
				ENABLE_TESTABILITY = YES;
				GCC_C_LANGUAGE_STANDARD = gnu99;
				GCC_DYNAMIC_NO_PIC = NO;
				GCC_NO_COMMON_BLOCKS = YES;
				GCC_OPTIMIZATION_LEVEL = 0;
				GCC_PREPROCESSOR_DEFINITIONS = (
					"DEBUG=1",
					"$(inherited)",
				);
				GCC_WARN_64_TO_32_BIT_CONVERSION = YES;
				GCC_WARN_ABOUT_RETURN_TYPE = YES_ERROR;
				GCC_WARN_UNDECLARED_SELECTOR = YES;
				GCC_WARN_UNINITIALIZED_AUTOS = YES_AGGRESSIVE;
				GCC_WARN_UNUSED_FUNCTION = YES;
				GCC_WARN_UNUSED_VARIABLE = YES;
				IPHONEOS_DEPLOYMENT_TARGET = 10.1;
				MTL_ENABLE_DEBUG_INFO = YES;
				ONLY_ACTIVE_ARCH = YES;
				SDKROOT = iphoneos;
				SWIFT_ACTIVE_COMPILATION_CONDITIONS = DEBUG;
				SWIFT_OPTIMIZATION_LEVEL = "-Onone";
			};
			name = Debug;
		};
		C86430E31DEC385B00621FE6 /* Release */ = {
			isa = XCBuildConfiguration;
			buildSettings = {
				ALWAYS_SEARCH_USER_PATHS = NO;
				CLANG_ANALYZER_NONNULL = YES;
				CLANG_CXX_LANGUAGE_STANDARD = "gnu++0x";
				CLANG_CXX_LIBRARY = "libc++";
				CLANG_ENABLE_MODULES = YES;
				CLANG_ENABLE_OBJC_ARC = YES;
				CLANG_WARN_BOOL_CONVERSION = YES;
				CLANG_WARN_CONSTANT_CONVERSION = YES;
				CLANG_WARN_DIRECT_OBJC_ISA_USAGE = YES_ERROR;
				CLANG_WARN_DOCUMENTATION_COMMENTS = YES;
				CLANG_WARN_EMPTY_BODY = YES;
				CLANG_WARN_ENUM_CONVERSION = YES;
				CLANG_WARN_INFINITE_RECURSION = YES;
				CLANG_WARN_INT_CONVERSION = YES;
				CLANG_WARN_OBJC_ROOT_CLASS = YES_ERROR;
				CLANG_WARN_SUSPICIOUS_MOVES = YES;
				CLANG_WARN_UNREACHABLE_CODE = YES;
				CLANG_WARN__DUPLICATE_METHOD_MATCH = YES;
				"CODE_SIGN_IDENTITY[sdk=iphoneos*]" = "iPhone Developer";
				COPY_PHASE_STRIP = NO;
				DEBUG_INFORMATION_FORMAT = "dwarf-with-dsym";
				ENABLE_NS_ASSERTIONS = NO;
				ENABLE_STRICT_OBJC_MSGSEND = YES;
				GCC_C_LANGUAGE_STANDARD = gnu99;
				GCC_NO_COMMON_BLOCKS = YES;
				GCC_WARN_64_TO_32_BIT_CONVERSION = YES;
				GCC_WARN_ABOUT_RETURN_TYPE = YES_ERROR;
				GCC_WARN_UNDECLARED_SELECTOR = YES;
				GCC_WARN_UNINITIALIZED_AUTOS = YES_AGGRESSIVE;
				GCC_WARN_UNUSED_FUNCTION = YES;
				GCC_WARN_UNUSED_VARIABLE = YES;
				IPHONEOS_DEPLOYMENT_TARGET = 10.1;
				MTL_ENABLE_DEBUG_INFO = NO;
				SDKROOT = iphoneos;
				SWIFT_OPTIMIZATION_LEVEL = "-Owholemodule";
				VALIDATE_PRODUCT = YES;
			};
			name = Release;
		};
		C86430E51DEC385B00621FE6 /* Debug */ = {
			isa = XCBuildConfiguration;
			buildSettings = {
				ASSETCATALOG_COMPILER_APPICON_NAME = AppIcon;
				ASSETCATALOG_COMPILER_LAUNCHIMAGE_NAME = LaunchImage;
				DEVELOPMENT_TEAM = C7295GZV7F;
				INFOPLIST_FILE = Weibo/Info.plist;
				IPHONEOS_DEPLOYMENT_TARGET = 8.0;
				LD_RUNPATH_SEARCH_PATHS = "$(inherited) @executable_path/Frameworks";
				PRODUCT_BUNDLE_IDENTIFIER = bearbearxiong.Weibo;
				PRODUCT_NAME = "$(TARGET_NAME)";
				SWIFT_OBJC_BRIDGING_HEADER = "Weibo/Weibo-Bridge.h";
				SWIFT_VERSION = 3.0;
			};
			name = Debug;
		};
		C86430E61DEC385B00621FE6 /* Release */ = {
			isa = XCBuildConfiguration;
			buildSettings = {
				ASSETCATALOG_COMPILER_APPICON_NAME = AppIcon;
				ASSETCATALOG_COMPILER_LAUNCHIMAGE_NAME = LaunchImage;
				DEVELOPMENT_TEAM = C7295GZV7F;
				INFOPLIST_FILE = Weibo/Info.plist;
				IPHONEOS_DEPLOYMENT_TARGET = 8.0;
				LD_RUNPATH_SEARCH_PATHS = "$(inherited) @executable_path/Frameworks";
				PRODUCT_BUNDLE_IDENTIFIER = bearbearxiong.Weibo;
				PRODUCT_NAME = "$(TARGET_NAME)";
				SWIFT_OBJC_BRIDGING_HEADER = "Weibo/Weibo-Bridge.h";
				SWIFT_VERSION = 3.0;
			};
			name = Release;
		};
/* End XCBuildConfiguration section */

/* Begin XCConfigurationList section */
		C86430CD1DEC385B00621FE6 /* Build configuration list for PBXProject "Weibo" */ = {
			isa = XCConfigurationList;
			buildConfigurations = (
				C86430E21DEC385B00621FE6 /* Debug */,
				C86430E31DEC385B00621FE6 /* Release */,
			);
			defaultConfigurationIsVisible = 0;
			defaultConfigurationName = Release;
		};
		C86430E41DEC385B00621FE6 /* Build configuration list for PBXNativeTarget "Weibo" */ = {
			isa = XCConfigurationList;
			buildConfigurations = (
				C86430E51DEC385B00621FE6 /* Debug */,
				C86430E61DEC385B00621FE6 /* Release */,
			);
			defaultConfigurationIsVisible = 0;
			defaultConfigurationName = Release;
		};
/* End XCConfigurationList section */
	};
	rootObject = C86430CA1DEC385B00621FE6 /* Project object */;
}
